
Microsoft Visual Studio Solution File, Format Version 12.00
# Visual Studio Version 17
VisualStudioVersion = 17.10.34928.147
MinimumVisualStudioVersion = 10.0.40219.1
Project("{9A19103F-16F7-4668-BE54-9A1E7A4F7556}") = "API-Exercise1-MovieCard", "API-Exercise1-MovieCard\API-Exercise1-MovieCard.csproj", "{F90A618B-F9B9-40D4-850B-3B5282796D25}"
EndProject
Project("{FAE04EC0-301F-11D3-BF4B-00C04F79EFBC}") = "MovieCard.Infrastructure", "MovieCard.Infrastructure\MovieCard.Infrastructure.csproj", "{CAEFB630-C8BD-4B05-B657-1CF9CBE1CD41}"
EndProject
Global
	GlobalSection(SolutionConfigurationPlatforms) = preSolution
		Debug|Any CPU = Debug|Any CPU
		Release|Any CPU = Release|Any CPU
	EndGlobalSection
	GlobalSection(ProjectConfigurationPlatforms) = postSolution
		{F90A618B-F9B9-40D4-850B-3B5282796D25}.Debug|Any CPU.ActiveCfg = Debug|Any CPU
		{F90A618B-F9B9-40D4-850B-3B5282796D25}.Debug|Any CPU.Build.0 = Debug|Any CPU
		{F90A618B-F9B9-40D4-850B-3B5282796D25}.Release|Any CPU.ActiveCfg = Release|Any CPU
		{F90A618B-F9B9-40D4-850B-3B5282796D25}.Release|Any CPU.Build.0 = Release|Any CPU
		{CAEFB630-C8BD-4B05-B657-1CF9CBE1CD41}.Debug|Any CPU.ActiveCfg = Debug|Any CPU
		{CAEFB630-C8BD-4B05-B657-1CF9CBE1CD41}.Debug|Any CPU.Build.0 = Debug|Any CPU
		{CAEFB630-C8BD-4B05-B657-1CF9CBE1CD41}.Release|Any CPU.ActiveCfg = Release|Any CPU
		{CAEFB630-C8BD-4B05-B657-1CF9CBE1CD41}.Release|Any CPU.Build.0 = Release|Any CPU
	EndGlobalSection
	GlobalSection(SolutionProperties) = preSolution
		HideSolutionNode = FALSE
	EndGlobalSection
	GlobalSection(ExtensibilityGlobals) = postSolution
		SolutionGuid = {14090A58-602A-4C52-AD7C-01D41623EF97}
	EndGlobalSection
EndGlobal
